schema: '2.0'
stages:
  prepare:
    cmd: python src/data/make_dataset.py data/raw/UCI_Credit_Card.csv data/processed/
    deps:
    - path: data/raw/UCI_Credit_Card.csv
      hash: md5
      md5: 940b416bb13a9b24bb5c9e1589284005
      size: 2862995
    - path: src/data/make_dataset.py
      hash: md5
      md5: ea2ca0a25ee50f6bec6dac66d48be096
      size: 1178
    outs:
    - path: data/processed
      hash: md5
      md5: 5479edfcc889090639e83446b03089a4.dir
      size: 3707391
      nfiles: 4
  train:
    cmd: python -m src.create_models.train
    deps:
    - path: data/processed
      hash: md5
      md5: 5479edfcc889090639e83446b03089a4.dir
      size: 3707391
      nfiles: 4
    - path: src/create_models/pipeline.py
      hash: md5
      md5: d5ea5ebf1aaf6ed73b8be5c017232a9a
      size: 1260
    - path: src/create_models/train.py
      hash: md5
      md5: b2f32bd8546d21bd9dec454df5834371
      size: 5538
    outs:
    - path: metrics_summary.json
      hash: md5
      md5: 8cc015de212d390f6130eaa9de8c183f
      size: 488
    - path: models/credit_default_model.pkl
      hash: md5
      md5: 6a3fe1c1391462006d3372f1f44fb60a
      size: 1099731
